// !$*UTF8*$!
{
	archiveVersion = 1;
	classes = {
	};
	objectVersion = 46;
	objects = {

/* Begin PBXBuildFile section */
		7CBD71A81C21CA9700E4BADB /* AppDelegate.swift in Sources */ = {isa = PBXBuildFile; fileRef = 7CBD71A71C21CA9700E4BADB /* AppDelegate.swift */; };
		7CBD71AB1C21CA9700E4BADB /* OneBill.xcdatamodeld in Sources */ = {isa = PBXBuildFile; fileRef = 7CBD71A91C21CA9700E4BADB /* OneBill.xcdatamodeld */; };
		7CBD71AD1C21CA9700E4BADB /* MasterViewController.swift in Sources */ = {isa = PBXBuildFile; fileRef = 7CBD71AC1C21CA9700E4BADB /* MasterViewController.swift */; };
		7CBD71AF1C21CA9700E4BADB /* DetailViewController.swift in Sources */ = {isa = PBXBuildFile; fileRef = 7CBD71AE1C21CA9700E4BADB /* DetailViewController.swift */; };
		7CBD71B21C21CA9700E4BADB /* Main.storyboard in Resources */ = {isa = PBXBuildFile; fileRef = 7CBD71B01C21CA9700E4BADB /* Main.storyboard */; };
		7CBD71B41C21CA9700E4BADB /* Assets.xcassets in Resources */ = {isa = PBXBuildFile; fileRef = 7CBD71B31C21CA9700E4BADB /* Assets.xcassets */; };
		7CBD71B71C21CA9700E4BADB /* LaunchScreen.storyboard in Resources */ = {isa = PBXBuildFile; fileRef = 7CBD71B51C21CA9700E4BADB /* LaunchScreen.storyboard */; };
		7CBD71C21C21CA9700E4BADB /* OneBillTests.swift in Sources */ = {isa = PBXBuildFile; fileRef = 7CBD71C11C21CA9700E4BADB /* OneBillTests.swift */; };
		7CBD71CD1C21CA9700E4BADB /* OneBillUITests.swift in Sources */ = {isa = PBXBuildFile; fileRef = 7CBD71CC1C21CA9700E4BADB /* OneBillUITests.swift */; };
/* End PBXBuildFile section */

/* Begin PBXContainerItemProxy section */
		7CBD71BE1C21CA9700E4BADB /* PBXContainerItemProxy */ = {
			isa = PBXContainerItemProxy;
			containerPortal = 7CBD719C1C21CA9700E4BADB /* Project object */;
			proxyType = 1;
			remoteGlobalIDString = 7CBD71A31C21CA9700E4BADB;
			remoteInfo = OneBill;
		};
		7CBD71C91C21CA9700E4BADB /* PBXContainerItemProxy */ = {
			isa = PBXContainerItemProxy;
			containerPortal = 7CBD719C1C21CA9700E4BADB /* Project object */;
			proxyType = 1;
			remoteGlobalIDString = 7CBD71A31C21CA9700E4BADB;
			remoteInfo = OneBill;
		};
/* End PBXContainerItemProxy section */

/* Begin PBXFileReference section */
		7CBD71A41C21CA9700E4BADB /* OneBill.app */ = {isa = PBXFileReference; explicitFileType = wrapper.application; includeInIndex = 0; path = OneBill.app; sourceTree = BUILT_PRODUCTS_DIR; };
		7CBD71A71C21CA9700E4BADB /* AppDelegate.swift */ = {isa = PBXFileReference; lastKnownFileType = sourcecode.swift; path = AppDelegate.swift; sourceTree = "<group>"; };
		7CBD71AA1C21CA9700E4BADB /* OneBill.xcdatamodel */ = {isa = PBXFileReference; lastKnownFileType = wrapper.xcdatamodel; path = OneBill.xcdatamodel; sourceTree = "<group>"; };
		7CBD71AC1C21CA9700E4BADB /* MasterViewController.swift */ = {isa = PBXFileReference; lastKnownFileType = sourcecode.swift; path = MasterViewController.swift; sourceTree = "<group>"; };
		7CBD71AE1C21CA9700E4BADB /* DetailViewController.swift */ = {isa = PBXFileReference; lastKnownFileType = sourcecode.swift; path = DetailViewController.swift; sourceTree = "<group>"; };
		7CBD71B11C21CA9700E4BADB /* Base */ = {isa = PBXFileReference; lastKnownFileType = file.storyboard; name = Base; path = Base.lproj/Main.storyboard; sourceTree = "<group>"; };
		7CBD71B31C21CA9700E4BADB /* Assets.xcassets */ = {isa = PBXFileReference; lastKnownFileType = folder.assetcatalog; path = Assets.xcassets; sourceTree = "<group>"; };
		7CBD71B61C21CA9700E4BADB /* Base */ = {isa = PBXFileReference; lastKnownFileType = file.storyboard; name = Base; path = Base.lproj/LaunchScreen.storyboard; sourceTree = "<group>"; };
		7CBD71B81C21CA9700E4BADB /* Info.plist */ = {isa = PBXFileReference; lastKnownFileType = text.plist.xml; path = Info.plist; sourceTree = "<group>"; };
		7CBD71BD1C21CA9700E4BADB /* OneBillTests.xctest */ = {isa = PBXFileReference; explicitFileType = wrapper.cfbundle; includeInIndex = 0; path = OneBillTests.xctest; sourceTree = BUILT_PRODUCTS_DIR; };
		7CBD71C11C21CA9700E4BADB /* OneBillTests.swift */ = {isa = PBXFileReference; lastKnownFileType = sourcecode.swift; path = OneBillTests.swift; sourceTree = "<group>"; };
		7CBD71C31C21CA9700E4BADB /* Info.plist */ = {isa = PBXFileReference; lastKnownFileType = text.plist.xml; path = Info.plist; sourceTree = "<group>"; };
		7CBD71C81C21CA9700E4BADB /* OneBillUITests.xctest */ = {isa = PBXFileReference; explicitFileType = wrapper.cfbundle; includeInIndex = 0; path = OneBillUITests.xctest; sourceTree = BUILT_PRODUCTS_DIR; };
		7CBD71CC1C21CA9700E4BADB /* OneBillUITests.swift */ = {isa = PBXFileReference; lastKnownFileType = sourcecode.swift; path = OneBillUITests.swift; sourceTree = "<group>"; };
		7CBD71CE1C21CA9700E4BADB /* Info.plist */ = {isa = PBXFileReference; lastKnownFileType = text.plist.xml; path = Info.plist; sourceTree = "<group>"; };
/* End PBXFileReference section */

/* Begin PBXFrameworksBuildPhase section */
		7CBD71A11C21CA9700E4BADB /* Frameworks */ = {
			isa = PBXFrameworksBuildPhase;
			buildActionMask = 2147483647;
			files = (
			);
			runOnlyForDeploymentPostprocessing = 0;
		};
		7CBD71BA1C21CA9700E4BADB /* Frameworks */ = {
			isa = PBXFrameworksBuildPhase;
			buildActionMask = 2147483647;
			files = (
			);
			runOnlyForDeploymentPostprocessing = 0;
		};
		7CBD71C51C21CA9700E4BADB /* Frameworks */ = {
			isa = PBXFrameworksBuildPhase;
			buildActionMask = 2147483647;
			files = (
			);
			runOnlyForDeploymentPostprocessing = 0;
		};
/* End PBXFrameworksBuildPhase section */

/* Begin PBXGroup section */
		7CBD719B1C21CA9700E4BADB = {
			isa = PBXGroup;
			children = (
				7CBD71A61C21CA9700E4BADB /* OneBill */,
				7CBD71C01C21CA9700E4BADB /* OneBillTests */,
				7CBD71CB1C21CA9700E4BADB /* OneBillUITests */,
				7CBD71A51C21CA9700E4BADB /* Products */,
			);
			sourceTree = "<group>";
		};
		7CBD71A51C21CA9700E4BADB /* Products */ = {
			isa = PBXGroup;
			children = (
				7CBD71A41C21CA9700E4BADB /* OneBill.app */,
				7CBD71BD1C21CA9700E4BADB /* OneBillTests.xctest */,
				7CBD71C81C21CA9700E4BADB /* OneBillUITests.xctest */,
			);
			name = Products;
			sourceTree = "<group>";
		};
		7CBD71A61C21CA9700E4BADB /* OneBill */ = {
			isa = PBXGroup;
			children = (
				7CBD71A71C21CA9700E4BADB /* AppDelegate.swift */,
				7CBD71AC1C21CA9700E4BADB /* MasterViewController.swift */,
				7CBD71AE1C21CA9700E4BADB /* DetailViewController.swift */,
				7CBD71B01C21CA9700E4BADB /* Main.storyboard */,
				7CBD71B31C21CA9700E4BADB /* Assets.xcassets */,
				7CBD71B51C21CA9700E4BADB /* LaunchScreen.storyboard */,
				7CBD71B81C21CA9700E4BADB /* Info.plist */,
				7CBD71A91C21CA9700E4BADB /* OneBill.xcdatamodeld */,
			);
			path = OneBill;
			sourceTree = "<group>";
		};
		7CBD71C01C21CA9700E4BADB /* OneBillTests */ = {
			isa = PBXGroup;
			children = (
				7CBD71C11C21CA9700E4BADB /* OneBillTests.swift */,
				7CBD71C31C21CA9700E4BADB /* Info.plist */,
			);
			path = OneBillTests;
			sourceTree = "<group>";
		};
		7CBD71CB1C21CA9700E4BADB /* OneBillUITests */ = {
			isa = PBXGroup;
			children = (
				7CBD71CC1C21CA9700E4BADB /* OneBillUITests.swift */,
				7CBD71CE1C21CA9700E4BADB /* Info.plist */,
			);
			path = OneBillUITests;
			sourceTree = "<group>";
		};
/* End PBXGroup section */

/* Begin PBXNativeTarget section */
		7CBD71A31C21CA9700E4BADB /* OneBill */ = {
			isa = PBXNativeTarget;
			buildConfigurationList = 7CBD71D11C21CA9700E4BADB /* Build configuration list for PBXNativeTarget "OneBill" */;
			buildPhases = (
				7CBD71A01C21CA9700E4BADB /* Sources */,
				7CBD71A11C21CA9700E4BADB /* Frameworks */,
				7CBD71A21C21CA9700E4BADB /* Resources */,
			);
			buildRules = (
			);
			dependencies = (
			);
			name = OneBill;
			productName = OneBill;
			productReference = 7CBD71A41C21CA9700E4BADB /* OneBill.app */;
			productType = "com.apple.product-type.application";
		};
		7CBD71BC1C21CA9700E4BADB /* OneBillTests */ = {
			isa = PBXNativeTarget;
			buildConfigurationList = 7CBD71D41C21CA9700E4BADB /* Build configuration list for PBXNativeTarget "OneBillTests" */;
			buildPhases = (
				7CBD71B91C21CA9700E4BADB /* Sources */,
				7CBD71BA1C21CA9700E4BADB /* Frameworks */,
				7CBD71BB1C21CA9700E4BADB /* Resources */,
			);
			buildRules = (
			);
			dependencies = (
				7CBD71BF1C21CA9700E4BADB /* PBXTargetDependency */,
			);
			name = OneBillTests;
			productName = OneBillTests;
			productReference = 7CBD71BD1C21CA9700E4BADB /* OneBillTests.xctest */;
			productType = "com.apple.product-type.bundle.unit-test";
		};
		7CBD71C71C21CA9700E4BADB /* OneBillUITests */ = {
			isa = PBXNativeTarget;
			buildConfigurationList = 7CBD71D71C21CA9700E4BADB /* Build configuration list for PBXNativeTarget "OneBillUITests" */;
			buildPhases = (
				7CBD71C41C21CA9700E4BADB /* Sources */,
				7CBD71C51C21CA9700E4BADB /* Frameworks */,
				7CBD71C61C21CA9700E4BADB /* Resources */,
			);
			buildRules = (
			);
			dependencies = (
				7CBD71CA1C21CA9700E4BADB /* PBXTargetDependency */,
			);
			name = OneBillUITests;
			productName = OneBillUITests;
			productReference = 7CBD71C81C21CA9700E4BADB /* OneBillUITests.xctest */;
			productType = "com.apple.product-type.bundle.ui-testing";
		};
/* End PBXNativeTarget section */

/* Begin PBXProject section */
		7CBD719C1C21CA9700E4BADB /* Project object */ = {
			isa = PBXProject;
			attributes = {
				LastSwiftUpdateCheck = 0720;
				LastUpgradeCheck = 0720;
				ORGANIZATIONNAME = HaTeRs;
				TargetAttributes = {
					7CBD71A31C21CA9700E4BADB = {
						CreatedOnToolsVersion = 7.2;
					};
					7CBD71BC1C21CA9700E4BADB = {
						CreatedOnToolsVersion = 7.2;
						TestTargetID = 7CBD71A31C21CA9700E4BADB;
					};
					7CBD71C71C21CA9700E4BADB = {
						CreatedOnToolsVersion = 7.2;
						TestTargetID = 7CBD71A31C21CA9700E4BADB;
					};
				};
			};
			buildConfigurationList = 7CBD719F1C21CA9700E4BADB /* Build configuration list for PBXProject "OneBill" */;
			compatibilityVersion = "Xcode 3.2";
			developmentRegion = English;
			hasScannedForEncodings = 0;
			knownRegions = (
				en,
				Base,
			);
			mainGroup = 7CBD719B1C21CA9700E4BADB;
			productRefGroup = 7CBD71A51C21CA9700E4BADB /* Products */;
			projectDirPath = "";
			projectRoot = "";
			targets = (
				7CBD71A31C21CA9700E4BADB /* OneBill */,
				7CBD71BC1C21CA9700E4BADB /* OneBillTests */,
				7CBD71C71C21CA9700E4BADB /* OneBillUITests */,
			);
		};
/* End PBXProject section */

/* Begin PBXResourcesBuildPhase section */
		7CBD71A21C21CA9700E4BADB /* Resources */ = {
			isa = PBXResourcesBuildPhase;
			buildActionMask = 2147483647;
			files = (
				7CBD71B71C21CA9700E4BADB /* LaunchScreen.storyboard in Resources */,
				7CBD71B41C21CA9700E4BADB /* Assets.xcassets in Resources */,
				7CBD71B21C21CA9700E4BADB /* Main.storyboard in Resources */,
			);
			runOnlyForDeploymentPostprocessing = 0;
		};
		7CBD71BB1C21CA9700E4BADB /* Resources */ = {
			isa = PBXResourcesBuildPhase;
			buildActionMask = 2147483647;
			files = (
			);
			runOnlyForDeploymentPostprocessing = 0;
		};
		7CBD71C61C21CA9700E4BADB /* Resources */ = {
			isa = PBXResourcesBuildPhase;
			buildActionMask = 2147483647;
			files = (
			);
			runOnlyForDeploymentPostprocessing = 0;
		};
/* End PBXResourcesBuildPhase section */

/* Begin PBXSourcesBuildPhase section */
		7CBD71A01C21CA9700E4BADB /* Sources */ = {
			isa = PBXSourcesBuildPhase;
			buildActionMask = 2147483647;
			files = (
				7CBD71A81C21CA9700E4BADB /* AppDelegate.swift in Sources */,
				7CBD71AB1C21CA9700E4BADB /* OneBill.xcdatamodeld in Sources */,
				7CBD71AD1C21CA9700E4BADB /* MasterViewController.swift in Sources */,
				7CBD71AF1C21CA9700E4BADB /* DetailViewController.swift in Sources */,
			);
			runOnlyForDeploymentPostprocessing = 0;
		};
		7CBD71B91C21CA9700E4BADB /* Sources */ = {
			isa = PBXSourcesBuildPhase;
			buildActionMask = 2147483647;
			files = (
				7CBD71C21C21CA9700E4BADB /* OneBillTests.swift in Sources */,
			);
			runOnlyForDeploymentPostprocessing = 0;
		};
		7CBD71C41C21CA9700E4BADB /* Sources */ = {
			isa = PBXSourcesBuildPhase;
			buildActionMask = 2147483647;
			files = (
				7CBD71CD1C21CA9700E4BADB /* OneBillUITests.swift in Sources */,
			);
			runOnlyForDeploymentPostprocessing = 0;
		};
/* End PBXSourcesBuildPhase section */

/* Begin PBXTargetDependency section */
		7CBD71BF1C21CA9700E4BADB /* PBXTargetDependency */ = {
			isa = PBXTargetDependency;
			target = 7CBD71A31C21CA9700E4BADB /* OneBill */;
			targetProxy = 7CBD71BE1C21CA9700E4BADB /* PBXContainerItemProxy */;
		};
		7CBD71CA1C21CA9700E4BADB /* PBXTargetDependency */ = {
			isa = PBXTargetDependency;
			target = 7CBD71A31C21CA9700E4BADB /* OneBill */;
			targetProxy = 7CBD71C91C21CA9700E4BADB /* PBXContainerItemProxy */;
		};
/* End PBXTargetDependency section */

/* Begin PBXVariantGroup section */
		7CBD71B01C21CA9700E4BADB /* Main.storyboard */ = {
			isa = PBXVariantGroup;
			children = (
				7CBD71B11C21CA9700E4BADB /* Base */,
			);
			name = Main.storyboard;
			sourceTree = "<group>";
		};
		7CBD71B51C21CA9700E4BADB /* LaunchScreen.storyboard */ = {
			isa = PBXVariantGroup;
			children = (
				7CBD71B61C21CA9700E4BADB /* Base */,
			);
			name = LaunchScreen.storyboard;
			sourceTree = "<group>";
		};
/* End PBXVariantGroup section */

/* Begin XCBuildConfiguration section */
		7CBD71CF1C21CA9700E4BADB /* Debug */ = {
			isa = XCBuildConfiguration;
			buildSettings = {
				ALWAYS_SEARCH_USER_PATHS = NO;
				CLANG_CXX_LANGUAGE_STANDARD = "gnu++0x";
				CLANG_CXX_LIBRARY = "libc++";
				CLANG_ENABLE_MODULES = YES;
				CLANG_ENABLE_OBJC_ARC = YES;
				CLANG_WARN_BOOL_CONVERSION = YES;
				CLANG_WARN_CONSTANT_CONVERSION = YES;
				CLANG_WARN_DIRECT_OBJC_ISA_USAGE = YES_ERROR;
				CLANG_WARN_EMPTY_BODY = YES;
				CLANG_WARN_ENUM_CONVERSION = YES;
				CLANG_WARN_INT_CONVERSION = YES;
				CLANG_WARN_OBJC_ROOT_CLASS = YES_ERROR;
				CLANG_WARN_UNREACHABLE_CODE = YES;
				CLANG_WARN__DUPLICATE_METHOD_MATCH = YES;
				"CODE_SIGN_IDENTITY[sdk=iphoneos*]" = "iPhone Developer";
				COPY_PHASE_STRIP = NO;
				DEBUG_INFORMATION_FORMAT = dwarf;
				ENABLE_STRICT_OBJC_MSGSEND = YES;
				ENABLE_TESTABILITY = YES;
				GCC_C_LANGUAGE_STANDARD = gnu99;
				GCC_DYNAMIC_NO_PIC = NO;
				GCC_NO_COMMON_BLOCKS = YES;
				GCC_OPTIMIZATION_LEVEL = 0;
				GCC_PREPROCESSOR_DEFINITIONS = (
					"DEBUG=1",
					"$(inherited)",
				);
				GCC_WARN_64_TO_32_BIT_CONVERSION = YES;
				GCC_WARN_ABOUT_RETURN_TYPE = YES_ERROR;
				GCC_WARN_UNDECLARED_SELECTOR = YES;
				GCC_WARN_UNINITIALIZED_AUTOS = YES_AGGRESSIVE;
				GCC_WARN_UNUSED_FUNCTION = YES;
				GCC_WARN_UNUSED_VARIABLE = YES;
				IPHONEOS_DEPLOYMENT_TARGET = 9.2;
				MTL_ENABLE_DEBUG_INFO = YES;
				ONLY_ACTIVE_ARCH = YES;
				SDKROOT = iphoneos;
				SWIFT_OPTIMIZATION_LEVEL = "-Onone";
			};
			name = Debug;
		};
		7CBD71D01C21CA9700E4BADB /* Release */ = {
			isa = XCBuildConfiguration;
			buildSettings = {
				ALWAYS_SEARCH_USER_PATHS = NO;
				CLANG_CXX_LANGUAGE_STANDARD = "gnu++0x";
				CLANG_CXX_LIBRARY = "libc++";
				CLANG_ENABLE_MODULES = YES;
				CLANG_ENABLE_OBJC_ARC = YES;
				CLANG_WARN_BOOL_CONVERSION = YES;
				CLANG_WARN_CONSTANT_CONVERSION = YES;
				CLANG_WARN_DIRECT_OBJC_ISA_USAGE = YES_ERROR;
				CLANG_WARN_EMPTY_BODY = YES;
				CLANG_WARN_ENUM_CONVERSION = YES;
				CLANG_WARN_INT_CONVERSION = YES;
				CLANG_WARN_OBJC_ROOT_CLASS = YES_ERROR;
				CLANG_WARN_UNREACHABLE_CODE = YES;
				CLANG_WARN__DUPLICATE_METHOD_MATCH = YES;
				"CODE_SIGN_IDENTITY[sdk=iphoneos*]" = "iPhone Developer";
				COPY_PHASE_STRIP = NO;
				DEBUG_INFORMATION_FORMAT = "dwarf-with-dsym";
				ENABLE_NS_ASSERTIONS = NO;
				ENABLE_STRICT_OBJC_MSGSEND = YES;
				GCC_C_LANGUAGE_STANDARD = gnu99;
				GCC_NO_COMMON_BLOCKS = YES;
				GCC_WARN_64_TO_32_BIT_CONVERSION = YES;
				GCC_WARN_ABOUT_RETURN_TYPE = YES_ERROR;
				GCC_WARN_UNDECLARED_SELECTOR = YES;
				GCC_WARN_UNINITIALIZED_AUTOS = YES_AGGRESSIVE;
				GCC_WARN_UNUSED_FUNCTION = YES;
				GCC_WARN_UNUSED_VARIABLE = YES;
				IPHONEOS_DEPLOYMENT_TARGET = 9.2;
				MTL_ENABLE_DEBUG_INFO = NO;
				SDKROOT = iphoneos;
				VALIDATE_PRODUCT = YES;
			};
			name = Release;
		};
		7CBD71D21C21CA9700E4BADB /* Debug */ = {
			isa = XCBuildConfiguration;
			buildSettings = {
				ASSETCATALOG_COMPILER_APPICON_NAME = AppIcon;
				INFOPLIST_FILE = OneBill/Info.plist;
				LD_RUNPATH_SEARCH_PATHS = "$(inherited) @executable_path/Frameworks";
				PRODUCT_BUNDLE_IDENTIFIER = haters.OneBill;
				PRODUCT_NAME = "$(TARGET_NAME)";
			};
			name = Debug;
		};
		7CBD71D31C21CA9700E4BADB /* Release */ = {
			isa = XCBuildConfiguration;
			buildSettings = {
				ASSETCATALOG_COMPILER_APPICON_NAME = AppIcon;
				INFOPLIST_FILE = OneBill/Info.plist;
				LD_RUNPATH_SEARCH_PATHS = "$(inherited) @executable_path/Frameworks";
				PRODUCT_BUNDLE_IDENTIFIER = haters.OneBill;
				PRODUCT_NAME = "$(TARGET_NAME)";
			};
			name = Release;
		};
		7CBD71D51C21CA9700E4BADB /* Debug */ = {
			isa = XCBuildConfiguration;
			buildSettings = {
				BUNDLE_LOADER = "$(TEST_HOST)";
				INFOPLIST_FILE = OneBillTests/Info.plist;
				LD_RUNPATH_SEARCH_PATHS = "$(inherited) @executable_path/Frameworks @loader_path/Frameworks";
				PRODUCT_BUNDLE_IDENTIFIER = haters.OneBillTests;
				PRODUCT_NAME = "$(TARGET_NAME)";
				TEST_HOST = "$(BUILT_PRODUCTS_DIR)/OneBill.app/OneBill";
			};
			name = Debug;
		};
		7CBD71D61C21CA9700E4BADB /* Release */ = {
			isa = XCBuildConfiguration;
			buildSettings = {
				BUNDLE_LOADER = "$(TEST_HOST)";
				INFOPLIST_FILE = OneBillTests/Info.plist;
				LD_RUNPATH_SEARCH_PATHS = "$(inherited) @executable_path/Frameworks @loader_path/Frameworks";
				PRODUCT_BUNDLE_IDENTIFIER = haters.OneBillTests;
				PRODUCT_NAME = "$(TARGET_NAME)";
				TEST_HOST = "$(BUILT_PRODUCTS_DIR)/OneBill.app/OneBill";
			};
			name = Release;
		};
		7CBD71D81C21CA9700E4BADB /* Debug */ = {
			isa = XCBuildConfiguration;
			buildSettings = {
				INFOPLIST_FILE = OneBillUITests/Info.plist;
				LD_RUNPATH_SEARCH_PATHS = "$(inherited) @executable_path/Frameworks @loader_path/Frameworks";
				PRODUCT_BUNDLE_IDENTIFIER = haters.OneBillUITests;
				PRODUCT_NAME = "$(TARGET_NAME)";
				TEST_TARGET_NAME = OneBill;
				USES_XCTRUNNER = YES;
			};
			name = Debug;
		};
		7CBD71D91C21CA9700E4BADB /* Release */ = {
			isa = XCBuildConfiguration;
			buildSettings = {
				INFOPLIST_FILE = OneBillUITests/Info.plist;
				LD_RUNPATH_SEARCH_PATHS = "$(inherited) @executable_path/Frameworks @loader_path/Frameworks";
				PRODUCT_BUNDLE_IDENTIFIER = haters.OneBillUITests;
				PRODUCT_NAME = "$(TARGET_NAME)";
				TEST_TARGET_NAME = OneBill;
				USES_XCTRUNNER = YES;
			};
			name = Release;
		};
/* End XCBuildConfiguration section */

/* Begin XCConfigurationList section */
		7CBD719F1C21CA9700E4BADB /* Build configuration list for PBXProject "OneBill" */ = {
			isa = XCConfigurationList;
			buildConfigurations = (
				7CBD71CF1C21CA9700E4BADB /* Debug */,
				7CBD71D01C21CA9700E4BADB /* Release */,
			);
			defaultConfigurationIsVisible = 0;
			defaultConfigurationName = Release;
		};
		7CBD71D11C21CA9700E4BADB /* Build configuration list for PBXNativeTarget "OneBill" */ = {
			isa = XCConfigurationList;
			buildConfigurations = (
				7CBD71D21C21CA9700E4BADB /* Debug */,
				7CBD71D31C21CA9700E4BADB /* Release */,
			);
			defaultConfigurationIsVisible = 0;
		};
		7CBD71D41C21CA9700E4BADB /* Build configuration list for PBXNativeTarget "OneBillTests" */ = {
			isa = XCConfigurationList;
			buildConfigurations = (
				7CBD71D51C21CA9700E4BADB /* Debug */,
				7CBD71D61C21CA9700E4BADB /* Release */,
			);
			defaultConfigurationIsVisible = 0;
		};
		7CBD71D71C21CA9700E4BADB /* Build configuration list for PBXNativeTarget "OneBillUITests" */ = {
			isa = XCConfigurationList;
			buildConfigurations = (
				7CBD71D81C21CA9700E4BADB /* Debug */,
				7CBD71D91C21CA9700E4BADB /* Release */,
			);
			defaultConfigurationIsVisible = 0;
		};
/* End XCConfigurationList section */

/* Begin XCVersionGroup section */
		7CBD71A91C21CA9700E4BADB /* OneBill.xcdatamodeld */ = {
			isa = XCVersionGroup;
			children = (
				7CBD71AA1C21CA9700E4BADB /* OneBill.xcdatamodel */,
			);
			currentVersion = 7CBD71AA1C21CA9700E4BADB /* OneBill.xcdatamodel */;
			path = OneBill.xcdatamodeld;
			sourceTree = "<group>";
			versionGroupType = wrapper.xcdatamodel;
		};
/* End XCVersionGroup section */
	};
	rootObject = 7CBD719C1C21CA9700E4BADB /* Project object */;
}
